
Microsoft Visual Studio Solution File, Format Version 12.00
# Visual Studio Version 17
VisualStudioVersion = 17.9.34723.18
MinimumVisualStudioVersion = 10.0.40219.1
Project("{FAE04EC0-301F-11D3-BF4B-00C04F79EFBC}") = "E-Healthcare", "E-Healthcare.csproj", "{C4DA69DF-1FC3-415B-99A5-BC239C121940}"
EndProject
Global
	GlobalSection(SolutionConfigurationPlatforms) = preSolution
		Debug|Any CPU = Debug|Any CPU
		Release|Any CPU = Release|Any CPU
	EndGlobalSection
	GlobalSection(ProjectConfigurationPlatforms) = postSolution
		{C4DA69DF-1FC3-415B-99A5-BC239C121940}.Debug|Any CPU.ActiveCfg = Debug|Any CPU
		{C4DA69DF-1FC3-415B-99A5-BC239C121940}.Debug|Any CPU.Build.0 = Debug|Any CPU
		{C4DA69DF-1FC3-415B-99A5-BC239C121940}.Release|Any CPU.ActiveCfg = Release|Any CPU
		{C4DA69DF-1FC3-415B-99A5-BC239C121940}.Release|Any CPU.Build.0 = Release|Any CPU
	EndGlobalSection
	GlobalSection(SolutionProperties) = preSolution
		HideSolutionNode = FALSE
	EndGlobalSection
	GlobalSection(ExtensibilityGlobals) = postSolution
		SolutionGuid = {9666E786-49CB-4A09-BA6D-8E370A16406F}
	EndGlobalSection
EndGlobal
